
Microsoft Visual Studio Solution File, Format Version 12.00
# Visual Studio 15
VisualStudioVersion = 15.0.27130.2026
MinimumVisualStudioVersion = 10.0.40219.1
Project("{FAE04EC0-301F-11D3-BF4B-00C04F79EFBC}") = "Core2Demo", "Core2Demo\Core2Demo.csproj", "{BE9B2777-8FBA-4634-A890-D62433C0E000}"
EndProject
Global
	GlobalSection(SolutionConfigurationPlatforms) = preSolution
		Debug|Any CPU = Debug|Any CPU
		Release|Any CPU = Release|Any CPU
	EndGlobalSection
	GlobalSection(ProjectConfigurationPlatforms) = postSolution
		{BE9B2777-8FBA-4634-A890-D62433C0E000}.Debug|Any CPU.ActiveCfg = Debug|Any CPU
		{BE9B2777-8FBA-4634-A890-D62433C0E000}.Debug|Any CPU.Build.0 = Debug|Any CPU
		{BE9B2777-8FBA-4634-A890-D62433C0E000}.Release|Any CPU.ActiveCfg = Release|Any CPU
		{BE9B2777-8FBA-4634-A890-D62433C0E000}.Release|Any CPU.Build.0 = Release|Any CPU
	EndGlobalSection
	GlobalSection(SolutionProperties) = preSolution
		HideSolutionNode = FALSE
	EndGlobalSection
	GlobalSection(ExtensibilityGlobals) = postSolution
		SolutionGuid = {C4268217-AA9C-47A3-84E4-A4889B554472}
	EndGlobalSection
EndGlobal
